Microsoft Visual Studio Solution File, Format Version 12.00
# Visual Studio Version 16
VisualStudioVersion = 16.0.29911.84
MinimumVisualStudioVersion = 10.0.40219.1
Project("{9A19103F-16F7-4668-BE54-9A1E7A4F7556}") = "Server.Api", "Server.Api\Server.Api.csproj", "{0424FB23-E959-4308-B7AD-9C23D73F0EFC}"
EndProject
Project("{9A19103F-16F7-4668-BE54-9A1E7A4F7556}") = "Server.Models", "Server.Models\Server.Models.csproj", "{14E116BC-0385-4233-929A-A85A113C96E5}"
EndProject
Project("{9A19103F-16F7-4668-BE54-9A1E7A4F7556}") = "Server.Logs", "Server.Logs\Server.Logs.csproj", "{52744E1E-5A75-46B6-8E59-90DE5AB272FF}"
EndProject
Global
	GlobalSection(SolutionConfigurationPlatforms) = preSolution
		Debug|Any CPU = Debug|Any CPU
		Release|Any CPU = Release|Any CPU
	EndGlobalSection
	GlobalSection(ProjectConfigurationPlatforms) = postSolution
		{0424FB23-E959-4308-B7AD-9C23D73F0EFC}.Debug|Any CPU.ActiveCfg = Debug|Any CPU
		{0424FB23-E959-4308-B7AD-9C23D73F0EFC}.Debug|Any CPU.Build.0 = Debug|Any CPU
		{0424FB23-E959-4308-B7AD-9C23D73F0EFC}.Release|Any CPU.ActiveCfg = Release|Any CPU
		{0424FB23-E959-4308-B7AD-9C23D73F0EFC}.Release|Any CPU.Build.0 = Release|Any CPU
		{14E116BC-0385-4233-929A-A85A113C96E5}.Debug|Any CPU.ActiveCfg = Debug|Any CPU
		{14E116BC-0385-4233-929A-A85A113C96E5}.Debug|Any CPU.Build.0 = Debug|Any CPU
		{14E116BC-0385-4233-929A-A85A113C96E5}.Release|Any CPU.ActiveCfg = Release|Any CPU
		{14E116BC-0385-4233-929A-A85A113C96E5}.Release|Any CPU.Build.0 = Release|Any CPU
		{52744E1E-5A75-46B6-8E59-90DE5AB272FF}.Debug|Any CPU.ActiveCfg = Debug|Any CPU
		{52744E1E-5A75-46B6-8E59-90DE5AB272FF}.Debug|Any CPU.Build.0 = Debug|Any CPU
		{52744E1E-5A75-46B6-8E59-90DE5AB272FF}.Release|Any CPU.ActiveCfg = Release|Any CPU
		{52744E1E-5A75-46B6-8E59-90DE5AB272FF}.Release|Any CPU.Build.0 = Release|Any CPU
	EndGlobalSection
	GlobalSection(SolutionProperties) = preSolution
		HideSolutionNode = FALSE
	EndGlobalSection
	GlobalSection(ExtensibilityGlobals) = postSolution
		SolutionGuid = {79F144B9-8BE8-4A91-BDE4-14D0CDF7A3EB}
	EndGlobalSection
EndGlobal
